
Microsoft Visual Studio Solution File, Format Version 12.00
# Visual Studio Version 17
VisualStudioVersion = 17.2.32526.322
MinimumVisualStudioVersion = 10.0.40219.1
Project("{FAE04EC0-301F-11D3-BF4B-00C04F79EFBC}") = "aws.ses.bounce", "aws-ses-bounce\aws-ses-bounce\aws.ses.bounce.csproj", "{38D11903-6CDC-4709-BAC2-4AABDF06544A}"
EndProject
Project("{FAE04EC0-301F-11D3-BF4B-00C04F79EFBC}") = "aws.ses.send-email", "aws.ses.send-email\aws.ses.send-email.csproj", "{0CCCABD1-327E-4385-996D-8B9BC9033047}"
EndProject
Global
	GlobalSection(SolutionConfigurationPlatforms) = preSolution
		Debug|Any CPU = Debug|Any CPU
		Release|Any CPU = Release|Any CPU
	EndGlobalSection
	GlobalSection(ProjectConfigurationPlatforms) = postSolution
		{38D11903-6CDC-4709-BAC2-4AABDF06544A}.Debug|Any CPU.ActiveCfg = Debug|Any CPU
		{38D11903-6CDC-4709-BAC2-4AABDF06544A}.Debug|Any CPU.Build.0 = Debug|Any CPU
		{38D11903-6CDC-4709-BAC2-4AABDF06544A}.Release|Any CPU.ActiveCfg = Release|Any CPU
		{38D11903-6CDC-4709-BAC2-4AABDF06544A}.Release|Any CPU.Build.0 = Release|Any CPU
		{0CCCABD1-327E-4385-996D-8B9BC9033047}.Debug|Any CPU.ActiveCfg = Debug|Any CPU
		{0CCCABD1-327E-4385-996D-8B9BC9033047}.Debug|Any CPU.Build.0 = Debug|Any CPU
		{0CCCABD1-327E-4385-996D-8B9BC9033047}.Release|Any CPU.ActiveCfg = Release|Any CPU
		{0CCCABD1-327E-4385-996D-8B9BC9033047}.Release|Any CPU.Build.0 = Release|Any CPU
	EndGlobalSection
	GlobalSection(SolutionProperties) = preSolution
		HideSolutionNode = FALSE
	EndGlobalSection
	GlobalSection(ExtensibilityGlobals) = postSolution
		SolutionGuid = {1D85F643-C091-4572-BEB9-9B7345FBF07B}
	EndGlobalSection
EndGlobal
